
Microsoft Visual Studio Solution File, Format Version 12.00
# Visual Studio Version 17
VisualStudioVersion = 17.2.32616.157
MinimumVisualStudioVersion = 10.0.40219.1
Project("{2150E333-8FDC-42A3-9474-1A3956D46DE8}") = "Domain", "Domain", "{B8F0CCF7-860E-4A11-A5F2-2AF51E35AD2B}"
EndProject
Project("{2150E333-8FDC-42A3-9474-1A3956D46DE8}") = "Core", "Core", "{240D75ED-624E-4A40-90B6-301E39DB2EDD}"
EndProject
Project("{2150E333-8FDC-42A3-9474-1A3956D46DE8}") = "Infra.Data", "Infra.Data", "{BBC04E96-C23D-498B-97CF-BDBE3623C814}"
EndProject
Project("{2150E333-8FDC-42A3-9474-1A3956D46DE8}") = "Infra.IoC", "Infra.IoC", "{63BF58F7-CDB0-4F92-899E-C0E24F8F4EC9}"
EndProject
Project("{2150E333-8FDC-42A3-9474-1A3956D46DE8}") = "ServiceHost", "ServiceHost", "{19E69BC8-5133-4B2E-9CA2-508E00414B4D}"
EndProject
Project("{9A19103F-16F7-4668-BE54-9A1E7A4F7556}") = "JobZing.ServiceHost", "JobZing.ServiceHost\JobZing.ServiceHost.csproj", "{616A6AF9-7894-46EE-B6BE-42F34D60CD84}"
EndProject
Project("{FAE04EC0-301F-11D3-BF4B-00C04F79EFBC}") = "JobZing.Domain", "JobZing.Domain\JobZing.Domain.csproj", "{B98657F0-325C-43A9-B2B8-4F5277C41618}"
EndProject
Project("{FAE04EC0-301F-11D3-BF4B-00C04F79EFBC}") = "JobZing.Infra.Data", "JobZing.Infra.Data\JobZing.Infra.Data.csproj", "{934B75F9-14E6-4F2D-9063-F543EA9DD617}"
EndProject
Global
	GlobalSection(SolutionConfigurationPlatforms) = preSolution
		Debug|Any CPU = Debug|Any CPU
		Release|Any CPU = Release|Any CPU
	EndGlobalSection
	GlobalSection(ProjectConfigurationPlatforms) = postSolution
		{616A6AF9-7894-46EE-B6BE-42F34D60CD84}.Debug|Any CPU.ActiveCfg = Debug|Any CPU
		{616A6AF9-7894-46EE-B6BE-42F34D60CD84}.Debug|Any CPU.Build.0 = Debug|Any CPU
		{616A6AF9-7894-46EE-B6BE-42F34D60CD84}.Release|Any CPU.ActiveCfg = Release|Any CPU
		{616A6AF9-7894-46EE-B6BE-42F34D60CD84}.Release|Any CPU.Build.0 = Release|Any CPU
		{B98657F0-325C-43A9-B2B8-4F5277C41618}.Debug|Any CPU.ActiveCfg = Debug|Any CPU
		{B98657F0-325C-43A9-B2B8-4F5277C41618}.Debug|Any CPU.Build.0 = Debug|Any CPU
		{B98657F0-325C-43A9-B2B8-4F5277C41618}.Release|Any CPU.ActiveCfg = Release|Any CPU
		{B98657F0-325C-43A9-B2B8-4F5277C41618}.Release|Any CPU.Build.0 = Release|Any CPU
		{934B75F9-14E6-4F2D-9063-F543EA9DD617}.Debug|Any CPU.ActiveCfg = Debug|Any CPU
		{934B75F9-14E6-4F2D-9063-F543EA9DD617}.Debug|Any CPU.Build.0 = Debug|Any CPU
		{934B75F9-14E6-4F2D-9063-F543EA9DD617}.Release|Any CPU.ActiveCfg = Release|Any CPU
		{934B75F9-14E6-4F2D-9063-F543EA9DD617}.Release|Any CPU.Build.0 = Release|Any CPU
	EndGlobalSection
	GlobalSection(SolutionProperties) = preSolution
		HideSolutionNode = FALSE
	EndGlobalSection
	GlobalSection(NestedProjects) = preSolution
		{616A6AF9-7894-46EE-B6BE-42F34D60CD84} = {19E69BC8-5133-4B2E-9CA2-508E00414B4D}
		{B98657F0-325C-43A9-B2B8-4F5277C41618} = {B8F0CCF7-860E-4A11-A5F2-2AF51E35AD2B}
		{934B75F9-14E6-4F2D-9063-F543EA9DD617} = {BBC04E96-C23D-498B-97CF-BDBE3623C814}
	EndGlobalSection
	GlobalSection(ExtensibilityGlobals) = postSolution
		SolutionGuid = {3FC52E3C-26E0-4972-8635-D23A1FA03016}
	EndGlobalSection
EndGlobal
